{
  "lockfile_version": "1",
  "packages": {
    "aws@latest": {
      "last_modified": "2022-09-12T23:24:01Z",
      "resolved": "github:NixOS/nixpkgs/994df04c3c700fe9edb1b69b82ba3c627e5e04ff#aws",
      "source": "devbox-search",
      "version": "2019.06.18",
      "systems": {
        "aarch64-darwin": {
          "outputs": [
            {
              "name": "out",
              "path": "/nix/store/fa8aipbikmw39841m650cw7bb4cfknac-aws-2019.06.18",
              "default": true
            }
          ],
          "store_path": "/nix/store/fa8aipbikmw39841m650cw7bb4cfknac-aws-2019.06.18"
        },
        "aarch64-linux": {
          "outputs": [
            {
              "name": "out",
              "path": "/nix/store/0jdpajaxqskas66cm7r794j7gwl3sgd8-aws-2019.06.18",
              "default": true
            }
          ],
          "store_path": "/nix/store/0jdpajaxqskas66cm7r794j7gwl3sgd8-aws-2019.06.18"
        },
        "x86_64-darwin": {
          "outputs": [
            {
              "name": "out",
              "path": "/nix/store/a24yn61qd93am3ksn8smlljc81cwsw3b-aws-2019.06.18",
              "default": true
            }
          ],
          "store_path": "/nix/store/a24yn61qd93am3ksn8smlljc81cwsw3b-aws-2019.06.18"
        },
        "x86_64-linux": {
          "outputs": [
            {
              "name": "out",
              "path": "/nix/store/nkmq6cq0hi26ydx8aw142z3fkcgbs7s2-aws-2019.06.18",
              "default": true
            }
          ],
          "store_path": "/nix/store/nkmq6cq0hi26ydx8aw142z3fkcgbs7s2-aws-2019.06.18"
        }
      }
    },
    "awscli2@latest": {
      "last_modified": "2025-05-16T20:19:48Z",
      "resolved": "github:NixOS/nixpkgs/12a55407652e04dcf2309436eb06fef0d3713ef3#awscli2",
      "source": "devbox-search",
      "version": "2.27.2",
      "systems": {
        "aarch64-darwin": {
          "outputs": [
            {
              "name": "out",
              "path": "/nix/store/9g4y3hz24m3aybl9jyainb02ak424ay1-awscli2-2.27.2",
              "default": true
            },
            {
              "name": "dist",
              "path": "/nix/store/24d2vncqvcc3m6sql9qfcps5wm5m58pl-awscli2-2.27.2-dist"
            }
          ],
          "store_path": "/nix/store/9g4y3hz24m3aybl9jyainb02ak424ay1-awscli2-2.27.2"
        },
        "aarch64-linux": {
          "outputs": [
            {
              "name": "out",
              "path": "/nix/store/xnn2f9zm2pp18w1n4ygcpaw47ybwxf5j-awscli2-2.27.2",
              "default": true
            },
            {
              "name": "dist",
              "path": "/nix/store/mkyqdn4y842wz724vf9p843mcwj45sj6-awscli2-2.27.2-dist"
            }
          ],
          "store_path": "/nix/store/xnn2f9zm2pp18w1n4ygcpaw47ybwxf5j-awscli2-2.27.2"
        },
        "x86_64-darwin": {
          "outputs": [
            {
              "name": "out",
              "path": "/nix/store/9lnirxaifvqz9h3par04nfcdwaz7pwjz-awscli2-2.27.2",
              "default": true
            },
            {
              "name": "dist",
              "path": "/nix/store/mc2pnlqf5an6020cpl7l76jydf149m74-awscli2-2.27.2-dist"
            }
          ],
          "store_path": "/nix/store/9lnirxaifvqz9h3par04nfcdwaz7pwjz-awscli2-2.27.2"
        },
        "x86_64-linux": {
          "outputs": [
            {
              "name": "out",
              "path": "/nix/store/7icb2g3gqvj943pvx3ix9mkb5knf8vd4-awscli2-2.27.2",
              "default": true
            },
            {
              "name": "dist",
              "path": "/nix/store/0l6dnnr62xr8gif2zsy40fal68w3ii5v-awscli2-2.27.2-dist"
            }
          ],
          "store_path": "/nix/store/7icb2g3gqvj943pvx3ix9mkb5knf8vd4-awscli2-2.27.2"
        }
      }
    },
    "github:NixOS/nixpkgs/nixpkgs-unstable": {
      "last_modified": "2025-05-20T08:00:33Z",
      "resolved": "github:NixOS/nixpkgs/2f9173bde1d3fbf1ad26ff6d52f952f9e9da52ea?lastModified=1747728033&narHash=sha256-NnXFQu7g4LnvPIPfJmBuZF7LFy%2Ffey2g2%2BLCzjQhTUk%3D"
    },
    "go@latest": {
      "last_modified": "2025-05-16T20:19:48Z",
      "resolved": "github:NixOS/nixpkgs/12a55407652e04dcf2309436eb06fef0d3713ef3#go",
      "source": "devbox-search",
      "version": "1.24.3",
      "systems": {
        "aarch64-darwin": {
          "outputs": [
            {
              "name": "out",
              "path": "/nix/store/ps3admpzmc1ryvn9q7sw5xfd94dkrb3f-go-1.24.3",
              "default": true
            }
          ],
          "store_path": "/nix/store/ps3admpzmc1ryvn9q7sw5xfd94dkrb3f-go-1.24.3"
        },
        "aarch64-linux": {
          "outputs": [
            {
              "name": "out",
              "path": "/nix/store/45bnqhyyq40p91k3cjw0farx3hn1swx6-go-1.24.3",
              "default": true
            }
          ],
          "store_path": "/nix/store/45bnqhyyq40p91k3cjw0farx3hn1swx6-go-1.24.3"
        },
        "x86_64-darwin": {
          "outputs": [
            {
              "name": "out",
              "path": "/nix/store/9z2kb6hxij7pqi0fgcn9ijhpb7ajpazs-go-1.24.3",
              "default": true
            }
          ],
          "store_path": "/nix/store/9z2kb6hxij7pqi0fgcn9ijhpb7ajpazs-go-1.24.3"
        },
        "x86_64-linux": {
          "outputs": [
            {
              "name": "out",
              "path": "/nix/store/5xvi25nqmbrg58aixp4zgczilfnp7pwg-go-1.24.3",
              "default": true
            }
          ],
          "store_path": "/nix/store/5xvi25nqmbrg58aixp4zgczilfnp7pwg-go-1.24.3"
        }
      }
    },
    "terraform@latest": {
      "last_modified": "2025-05-16T20:19:48Z",
      "resolved": "github:NixOS/nixpkgs/12a55407652e04dcf2309436eb06fef0d3713ef3#terraform",
      "source": "devbox-search",
      "version": "1.12.0",
      "systems": {
        "aarch64-darwin": {
          "outputs": [
            {
              "name": "out",
              "path": "/nix/store/9jzzxgqr0f50668r8jhn4lii8y2vkv8j-terraform-1.12.0",
              "default": true
            }
          ],
          "store_path": "/nix/store/9jzzxgqr0f50668r8jhn4lii8y2vkv8j-terraform-1.12.0"
        },
        "aarch64-linux": {
          "outputs": [
            {
              "name": "out",
              "path": "/nix/store/sgbgv1rdc5ij477ppfn4d9fh3xzmhgvk-terraform-1.12.0",
              "default": true
            }
          ],
          "store_path": "/nix/store/sgbgv1rdc5ij477ppfn4d9fh3xzmhgvk-terraform-1.12.0"
        },
        "x86_64-darwin": {
          "outputs": [
            {
              "name": "out",
              "path": "/nix/store/4zrvxxi77g4x481xynn4jf03r0p46kg4-terraform-1.12.0",
              "default": true
            }
          ],
          "store_path": "/nix/store/4zrvxxi77g4x481xynn4jf03r0p46kg4-terraform-1.12.0"
        },
        "x86_64-linux": {
          "outputs": [
            {
              "name": "out",
              "path": "/nix/store/ss0mwj01m47ldg39wwq3bw0mmxzndlx4-terraform-1.12.0",
              "default": true
            }
          ],
          "store_path": "/nix/store/ss0mwj01m47ldg39wwq3bw0mmxzndlx4-terraform-1.12.0"
        }
      }
    }
  }
}
